<?xml version="1.0" encoding="utf-8"?>
<Project ToolsVersion="4.0" xmlns="http://schemas.microsoft.com/developer/msbuild/2003">
  <ItemGroup>
    <Filter Include="Data">
      <UniqueIdentifier>{67DA6AB6-F800-4c08-8B7A-83BB121AAD01}</UniqueIdentifier>
      <Extensions>rc;ico;cur;bmp;dlg;rc2;rct;bin;rgs;gif;jpg;jpeg;jpe;resx;tiff;tif;png;wav;mfcribbon-ms</Extensions>
    </Filter>
    <Filter Include="Data\pictures">
      <UniqueIdentifier>{616523ee-3d66-4712-a386-30f7d070eabf}</UniqueIdentifier>
    </Filter>
    <Filter Include="Data\output">
      <UniqueIdentifier>{b489572d-0c68-4110-806d-8f0f63a56501}</UniqueIdentifier>
    </Filter>
    <Filter Include="Headers">
      <UniqueIdentifier>{93995380-89BD-4b04-88EB-625FBE52EBFB}</UniqueIdentifier>
      <Extensions>h;hh;hpp;hxx;hm;inl;inc;xsd</Extensions>
    </Filter>
    <Filter Include="Headers\gdal">
      <UniqueIdentifier>{9fee7f3b-9f91-40bb-b99a-008f9a85ed11}</UniqueIdentifier>
    </Filter>
    <Filter Include="Sources">
      <UniqueIdentifier>{4FC737F1-C7A5-4376-A066-2A32D752A2FF}</UniqueIdentifier>
      <Extensions>cpp;c;cc;cxx;def;odl;idl;hpj;bat;asm;asmx</Extensions>
    </Filter>
  </ItemGroup>
  <ItemGroup>
    <Text Include="ReadMe.txt" />
  </ItemGroup>
  <ItemGroup>
    <ClInclude Include="stdafx.h">
      <Filter>Headers</Filter>
    </ClInclude>
    <ClInclude Include="targetver.h">
      <Filter>Headers</Filter>
    </ClInclude>
    <ClInclude Include="resource.h">
      <Filter>Headers</Filter>
    </ClInclude>
    <ClInclude Include="gdal\cpl_config.h">
      <Filter>Headers\gdal</Filter>
    </ClInclude>
    <ClInclude Include="gdal\cpl_conv.h">
      <Filter>Headers\gdal</Filter>
    </ClInclude>
    <ClInclude Include="gdal\cpl_csv.h">
      <Filter>Headers\gdal</Filter>
    </ClInclude>
    <ClInclude Include="gdal\cpl_error.h">
      <Filter>Headers\gdal</Filter>
    </ClInclude>
    <ClInclude Include="gdal\cpl_hash_set.h">
      <Filter>Headers\gdal</Filter>
    </ClInclude>
    <ClInclude Include="gdal\cpl_http.h">
      <Filter>Headers\gdal</Filter>
    </ClInclude>
    <ClInclude Include="gdal\cpl_list.h">
      <Filter>Headers\gdal</Filter>
    </ClInclude>
    <ClInclude Include="gdal\cpl_minixml.h">
      <Filter>Headers\gdal</Filter>
    </ClInclude>
    <ClInclude Include="gdal\cpl_minizip_ioapi.h">
      <Filter>Headers\gdal</Filter>
    </ClInclude>
    <ClInclude Include="gdal\cpl_minizip_unzip.h">
      <Filter>Headers\gdal</Filter>
    </ClInclude>
    <ClInclude Include="gdal\cpl_multiproc.h">
      <Filter>Headers\gdal</Filter>
    </ClInclude>
    <ClInclude Include="gdal\cpl_odbc.h">
      <Filter>Headers\gdal</Filter>
    </ClInclude>
    <ClInclude Include="gdal\cpl_port.h">
      <Filter>Headers\gdal</Filter>
    </ClInclude>
    <ClInclude Include="gdal\cpl_quad_tree.h">
      <Filter>Headers\gdal</Filter>
    </ClInclude>
    <ClInclude Include="gdal\cpl_string.h">
      <Filter>Headers\gdal</Filter>
    </ClInclude>
    <ClInclude Include="gdal\cpl_vsi.h">
      <Filter>Headers\gdal</Filter>
    </ClInclude>
    <ClInclude Include="gdal\cpl_vsi_virtual.h">
      <Filter>Headers\gdal</Filter>
    </ClInclude>
    <ClInclude Include="gdal\cpl_win32ce_api.h">
      <Filter>Headers\gdal</Filter>
    </ClInclude>
    <ClInclude Include="gdal\cpl_wince.h">
      <Filter>Headers\gdal</Filter>
    </ClInclude>
    <ClInclude Include="gdal\cplkeywordparser.h">
      <Filter>Headers\gdal</Filter>
    </ClInclude>
    <ClInclude Include="gdal\gdal.h">
      <Filter>Headers\gdal</Filter>
    </ClInclude>
    <ClInclude Include="gdal\gdal_alg.h">
      <Filter>Headers\gdal</Filter>
    </ClInclude>
    <ClInclude Include="gdal\gdal_alg_priv.h">
      <Filter>Headers\gdal</Filter>
    </ClInclude>
    <ClInclude Include="gdal\gdal_frmts.h">
      <Filter>Headers\gdal</Filter>
    </ClInclude>
    <ClInclude Include="gdal\gdal_pam.h">
      <Filter>Headers\gdal</Filter>
    </ClInclude>
    <ClInclude Include="gdal\gdal_priv.h">
      <Filter>Headers\gdal</Filter>
    </ClInclude>
    <ClInclude Include="gdal\gdal_proxy.h">
      <Filter>Headers\gdal</Filter>
    </ClInclude>
    <ClInclude Include="gdal\gdal_rat.h">
      <Filter>Headers\gdal</Filter>
    </ClInclude>
    <ClInclude Include="gdal\gdal_version.h">
      <Filter>Headers\gdal</Filter>
    </ClInclude>
    <ClInclude Include="gdal\gdal_vrt.h">
      <Filter>Headers\gdal</Filter>
    </ClInclude>
    <ClInclude Include="gdal\gdalgrid.h">
      <Filter>Headers\gdal</Filter>
    </ClInclude>
    <ClInclude Include="gdal\gdaljp2metadata.h">
      <Filter>Headers\gdal</Filter>
    </ClInclude>
    <ClInclude Include="gdal\gdalwarper.h">
      <Filter>Headers\gdal</Filter>
    </ClInclude>
    <ClInclude Include="gdal\gvgcpfit.h">
      <Filter>Headers\gdal</Filter>
    </ClInclude>
    <ClInclude Include="gdal\memdataset.h">
      <Filter>Headers\gdal</Filter>
    </ClInclude>
    <ClInclude Include="gdal\ogr_api.h">
      <Filter>Headers\gdal</Filter>
    </ClInclude>
    <ClInclude Include="gdal\ogr_attrind.h">
      <Filter>Headers\gdal</Filter>
    </ClInclude>
    <ClInclude Include="gdal\ogr_core.h">
      <Filter>Headers\gdal</Filter>
    </ClInclude>
    <ClInclude Include="gdal\ogr_feature.h">
      <Filter>Headers\gdal</Filter>
    </ClInclude>
    <ClInclude Include="gdal\ogr_featurestyle.h">
      <Filter>Headers\gdal</Filter>
    </ClInclude>
    <ClInclude Include="gdal\ogr_geometry.h">
      <Filter>Headers\gdal</Filter>
    </ClInclude>
    <ClInclude Include="gdal\ogr_geos.h">
      <Filter>Headers\gdal</Filter>
    </ClInclude>
    <ClInclude Include="gdal\ogr_p.h">
      <Filter>Headers\gdal</Filter>
    </ClInclude>
    <ClInclude Include="gdal\ogr_spatialref.h">
      <Filter>Headers\gdal</Filter>
    </ClInclude>
    <ClInclude Include="gdal\ogr_srs_api.h">
      <Filter>Headers\gdal</Filter>
    </ClInclude>
    <ClInclude Include="gdal\ogrsf_frmts.h">
      <Filter>Headers\gdal</Filter>
    </ClInclude>
    <ClInclude Include="gdal\rawdataset.h">
      <Filter>Headers\gdal</Filter>
    </ClInclude>
    <ClInclude Include="gdal\swq.h">
      <Filter>Headers\gdal</Filter>
    </ClInclude>
    <ClInclude Include="gdal\thinplatespline.h">
      <Filter>Headers\gdal</Filter>
    </ClInclude>
    <ClInclude Include="gdal\vrtdataset.h">
      <Filter>Headers\gdal</Filter>
    </ClInclude>
  </ItemGroup>
  <ItemGroup>
    <ClCompile Include="stdafx.cpp">
      <Filter>Sources</Filter>
    </ClCompile>
    <ClCompile Include="GDALDemo.cpp">
      <Filter>Sources</Filter>
    </ClCompile>
  </ItemGroup>
  <ItemGroup>
    <Image Include="Data\pictures\space.jpg">
      <Filter>Data\pictures</Filter>
    </Image>
    <Image Include="Data\pictures\superman.jpg">
      <Filter>Data\pictures</Filter>
    </Image>
    <Image Include="Data\pictures\Taeyeon.png">
      <Filter>Data\pictures</Filter>
    </Image>
    <Image Include="Data\output\result_modify.tif">
      <Filter>Data\output</Filter>
    </Image>
    <Image Include="Data\output\superman-on-the-space.tif">
      <Filter>Data\output</Filter>
    </Image>
    <Image Include="Data\pictures\lena.jpg">
      <Filter>Data\pictures</Filter>
    </Image>
    <Image Include="Data\output\convolution-1.jpg">
      <Filter>Data\output</Filter>
    </Image>
    <Image Include="Data\output\convolution-2.jpg">
      <Filter>Data\output</Filter>
    </Image>
    <Image Include="Data\output\convolution-3.jpg">
      <Filter>Data\output</Filter>
    </Image>
    <Image Include="Data\output\convolution-4.jpg">
      <Filter>Data\output</Filter>
    </Image>
    <Image Include="Data\output\convolution-5.jpg">
      <Filter>Data\output</Filter>
    </Image>
    <Image Include="Data\output\convolution-6.jpg">
      <Filter>Data\output</Filter>
    </Image>
    <Image Include="Data\pictures\American-MUL.bmp">
      <Filter>Data\pictures</Filter>
    </Image>
    <Image Include="Data\pictures\American-PAN.bmp">
      <Filter>Data\pictures</Filter>
    </Image>
    <Image Include="Data\output\American-fusion.tif">
      <Filter>Data\output</Filter>
    </Image>
  </ItemGroup>
</Project>